
Microsoft Visual Studio Solution File, Format Version 12.00
# Visual Studio Version 17
VisualStudioVersion = 17.1.32210.238
MinimumVisualStudioVersion = 10.0.40219.1
Project("{FAE04EC0-301F-11D3-BF4B-00C04F79EFBC}") = "GradeCalculatorProject", "GradeCalculatorProject\GradeCalculatorProject.csproj", "{7396F7E7-870C-4F10-BCD5-DF1238F5E22E}"
EndProject
Project("{FAE04EC0-301F-11D3-BF4B-00C04F79EFBC}") = "XUnitTestProject", "XUnitTestProject\XUnitTestProject.csproj", "{E470D808-0C07-41A0-9F97-4AC36DD78191}"
EndProject
Global
	GlobalSection(SolutionConfigurationPlatforms) = preSolution
		Debug|Any CPU = Debug|Any CPU
		Release|Any CPU = Release|Any CPU
	EndGlobalSection
	GlobalSection(ProjectConfigurationPlatforms) = postSolution
		{7396F7E7-870C-4F10-BCD5-DF1238F5E22E}.Debug|Any CPU.ActiveCfg = Debug|Any CPU
		{7396F7E7-870C-4F10-BCD5-DF1238F5E22E}.Debug|Any CPU.Build.0 = Debug|Any CPU
		{7396F7E7-870C-4F10-BCD5-DF1238F5E22E}.Release|Any CPU.ActiveCfg = Release|Any CPU
		{7396F7E7-870C-4F10-BCD5-DF1238F5E22E}.Release|Any CPU.Build.0 = Release|Any CPU
		{E470D808-0C07-41A0-9F97-4AC36DD78191}.Debug|Any CPU.ActiveCfg = Debug|Any CPU
		{E470D808-0C07-41A0-9F97-4AC36DD78191}.Debug|Any CPU.Build.0 = Debug|Any CPU
		{E470D808-0C07-41A0-9F97-4AC36DD78191}.Release|Any CPU.ActiveCfg = Release|Any CPU
		{E470D808-0C07-41A0-9F97-4AC36DD78191}.Release|Any CPU.Build.0 = Release|Any CPU
	EndGlobalSection
	GlobalSection(SolutionProperties) = preSolution
		HideSolutionNode = FALSE
	EndGlobalSection
	GlobalSection(ExtensibilityGlobals) = postSolution
		SolutionGuid = {C3B20B6D-5958-4AF1-8661-C6281F7E1C89}
	EndGlobalSection
EndGlobal
